{
  "lockfileVersion": 1,
  "configVersion": 1,
  "workspaces": {
    "": {
      "name": "shelving",
      "devDependencies": {
        "@biomejs/biome": "^2.4.16",
        "@google-cloud/firestore": "^8.6.0",
        "@heroicons/react": "^2.2.0",
        "@types/bun": "^1.3.14",
        "@types/react": "^19.2.15",
        "@types/react-dom": "^19.2.3",
        "@typescript/native-preview": "^7.0.0-dev.20260527.2",
        "firebase": "^12.14.0",
        "react": "^19.3.0-canary-fef12a01-20260413",
        "react-dom": "^19.3.0-canary-fef12a01-20260413",
        "typescript": "^5.9.3",
      },
      "peerDependencies": {
        "@google-cloud/firestore": ">=7.0.0",
        "@heroicons/react": ">=2.0.0",
        "firebase": ">=11.0.0",
        "react": ">=19.0.0",
        "react-dom": ">=19.0.0",
      },
    },
  },
  "packages": {
    "@biomejs/biome": ["@biomejs/biome@2.4.16", "", { "optionalDependencies": { "@biomejs/cli-darwin-arm64": "2.4.16", "@biomejs/cli-darwin-x64": "2.4.16", "@biomejs/cli-linux-arm64": "2.4.16", "@biomejs/cli-linux-arm64-musl": "2.4.16", "@biomejs/cli-linux-x64": "2.4.16", "@biomejs/cli-linux-x64-musl": "2.4.16", "@biomejs/cli-win32-arm64": "2.4.16", "@biomejs/cli-win32-x64": "2.4.16" }, "bin": { "biome": "bin/biome" } }, "sha512-x9ajFh1zChVybCiM3TN6OD4phAqLgtPZjFrZF+aTMYCPjwBO+k529TX7PPsAqtGNLeV4UgzwQnowEgS7bGmzcA=="],

    "@biomejs/cli-darwin-arm64": ["@biomejs/cli-darwin-arm64@2.4.16", "", { "os": "darwin", "cpu": "arm64" }, "sha512-wxPvu4XOA85YJk9ixSWUmq/QBHbid85BISbOAqqBM/5xQpPk9ayjk5375tOlSC0BeCwNSbPFafQBm+vBumXq0A=="],

    "@biomejs/cli-darwin-x64": ["@biomejs/cli-darwin-x64@2.4.16", "", { "os": "darwin", "cpu": "x64" }, "sha512-xFCqGPwYusQJp4N4NJLi1XJiZqjwFdjhT+KqtNy+Ug3qgfczqnTa6MSDvxJF6TkuDLoYJItMapz6tAf7kCekFw=="],

    "@biomejs/cli-linux-arm64": ["@biomejs/cli-linux-arm64@2.4.16", "", { "os": "linux", "cpu": "arm64" }, "sha512-2kFb4//jxfZaP6D+Rj5VkHkxgyD9EoRAVBEQb8PKRv+s4NO2zYNJKXFaJmK1CmhufJOWEfpHKaRbOja7qjmdhQ=="],

    "@biomejs/cli-linux-arm64-musl": ["@biomejs/cli-linux-arm64-musl@2.4.16", "", { "os": "linux", "cpu": "arm64" }, "sha512-oYxnW0ARfJkr72ezzF2OR8N/rtkgLUQeYtF8cFhVswbknHxtTcmzSsanVJP8yQKnGpGpc2ck6c5zLvHahL6Cbg=="],

    "@biomejs/cli-linux-x64": ["@biomejs/cli-linux-x64@2.4.16", "", { "os": "linux", "cpu": "x64" }, "sha512-NbcBbi/nJqn5baae6wqRXdS7Gadf2uRpehSh6vMSYpG8OhkXl/Xg8aorWrJ+9VWqAT5ml90alLvorkpMW0nBwQ=="],

    "@biomejs/cli-linux-x64-musl": ["@biomejs/cli-linux-x64-musl@2.4.16", "", { "os": "linux", "cpu": "x64" }, "sha512-iHDS+MCM65DPqWGu+ECC3uoALyj2H7F4nVUPxIPjz/PIl94EUu+EDfGZDzFP+NY1EOPVt9NQvwFqq7HdMmowdg=="],

    "@biomejs/cli-win32-arm64": ["@biomejs/cli-win32-arm64@2.4.16", "", { "os": "win32", "cpu": "arm64" }, "sha512-0rgImMsNb5v/chhkIFe3wu7PEFClS6RBAYUijGL9UsYN3PanSaoK24HSSuSJb1pYbYYVjzAyZTl3gtjJ84BM8A=="],

    "@biomejs/cli-win32-x64": ["@biomejs/cli-win32-x64@2.4.16", "", { "os": "win32", "cpu": "x64" }, "sha512-Kp85jgoBHa05gix6UIRjfCDiUV3w/8VIdZ247VyyO2gEjaw12WEVhdIjlxp/AMzXxqxQwbxNTDVZ3Mwd2RG5rw=="],

    "@firebase/ai": ["@firebase/ai@2.13.0", "", { "dependencies": { "@firebase/app-check-interop-types": "0.3.4", "@firebase/component": "0.7.3", "@firebase/logger": "0.5.1", "@firebase/util": "1.15.1", "tslib": "^2.1.0" }, "peerDependencies": { "@firebase/app": "0.x", "@firebase/app-types": "0.x" } }, "sha512-nJJDQKqjAcbkZdZGT/5WTVLrGZ+pYhWbwKC90nNzmvtoRTtnOJaNS34fhKSHQeB9SALgD2kxuWT5I4AkytdZ/Q=="],

    "@firebase/analytics": ["@firebase/analytics@0.10.22", "", { "dependencies": { "@firebase/component": "0.7.3", "@firebase/installations": "0.6.22", "@firebase/logger": "0.5.1", "@firebase/util": "1.15.1", "tslib": "^2.1.0" }, "peerDependencies": { "@firebase/app": "0.x" } }, "sha512-8BSaq/QRGU1+xyi8L2PTLTJU7MH9aMA72RQdIxrbhWFauOZY9OXo8f2YDN/972xA8d588tlnNVEQ2Mo69pT9Ow=="],

    "@firebase/analytics-compat": ["@firebase/analytics-compat@0.2.28", "", { "dependencies": { "@firebase/analytics": "0.10.22", "@firebase/analytics-types": "0.8.4", "@firebase/component": "0.7.3", "@firebase/util": "1.15.1", "tslib": "^2.1.0" }, "peerDependencies": { "@firebase/app-compat": "0.x" } }, "sha512-lIAlqUUbBu93FJMlQfslryQtBwwzdzvp23ePC6FNgymXk6Ook5v4Uvc0vdutvoIeqmyA3LfP0ZeRFK8+11kOOQ=="],

    "@firebase/analytics-types": ["@firebase/analytics-types@0.8.4", "", {}, "sha512-zQ+XTgkwH6CY/eUSHJRP7e4LxM30RCxlCmob5sy2axs25GE3Ny0XdgpDscMTHHQIGqWkxPXad4w2Mw9sCgT8zQ=="],

    "@firebase/app": ["@firebase/app@0.14.13", "", { "dependencies": { "@firebase/component": "0.7.3", "@firebase/logger": "0.5.1", "@firebase/util": "1.15.1", "idb": "7.1.1", "tslib": "^2.1.0" } }, "sha512-H89Jeyp31+EZk9GPu6vaeL9mEmoXgM3nASB7UPBYYS/lqAks21mO1BU1dF8NbsVTL6tgGZkGUtiGJgxtDiwHkw=="],

    "@firebase/app-check": ["@firebase/app-check@0.11.4", "", { "dependencies": { "@firebase/component": "0.7.3", "@firebase/logger": "0.5.1", "@firebase/util": "1.15.1", "tslib": "^2.1.0" }, "peerDependencies": { "@firebase/app": "0.x" } }, "sha512-G8EsbVJV9gSfoibx0dNoNOUrvr+PkL7J//+W/BST/oUassimkZeq9bjj3bKkB0pn4og5GMQ9qs7FefwP00kkgg=="],

    "@firebase/app-check-compat": ["@firebase/app-check-compat@0.4.4", "", { "dependencies": { "@firebase/app-check": "0.11.4", "@firebase/app-check-types": "0.5.4", "@firebase/component": "0.7.3", "@firebase/logger": "0.5.1", "@firebase/util": "1.15.1", "tslib": "^2.1.0" }, "peerDependencies": { "@firebase/app-compat": "0.x" } }, "sha512-9iP0MvmaVagulNXmrca96U3tqNAI3j98wsC1z7rj62nnOTajlrHM//jjB9VoHqRw6/islMskp6RsKnM7vhLDqA=="],

    "@firebase/app-check-interop-types": ["@firebase/app-check-interop-types@0.3.4", "", {}, "sha512-zz3i6e13B8BfWiLy8MABtTh8aGIACgKbf9UVnyHcWs+yQzJXgQcl8A46b0zfaiJHdQ+niF0ouAfcpuf+3LMPQg=="],

    "@firebase/app-check-types": ["@firebase/app-check-types@0.5.4", "", {}, "sha512-xV7JsIyzVr15aA7f3Pi0rB9gdBuVubs89FGA8VkRYA4g0l78poADgdfrScgf7NndSg9mm7cR7PJyY0+t22KaGw=="],

    "@firebase/app-compat": ["@firebase/app-compat@0.5.13", "", { "dependencies": { "@firebase/app": "0.14.13", "@firebase/component": "0.7.3", "@firebase/logger": "0.5.1", "@firebase/util": "1.15.1", "tslib": "^2.1.0" } }, "sha512-pn3FvXwUR34kWPccDQfCKsNZcM2wD1OS+J1jeEgzM1ZNXoxR2NaF6e5DjDuRrnTwR6LN2XQQt0IqE6yKmgpCQg=="],

    "@firebase/app-types": ["@firebase/app-types@0.9.5", "", { "dependencies": { "@firebase/logger": "0.5.1" } }, "sha512-YevqTjvo7Iujsa9Dwowmd6dSoElhzmD63ZSrq6bzjvQ6POjYgNjOFHLmNIgJs48eNO093NCERibuFnxbfOvU7A=="],

    "@firebase/auth": ["@firebase/auth@1.13.2", "", { "dependencies": { "@firebase/component": "0.7.3", "@firebase/logger": "0.5.1", "@firebase/util": "1.15.1", "tslib": "^2.1.0" }, "peerDependencies": { "@firebase/app": "0.x", "@react-native-async-storage/async-storage": "^2.2.0 || ^3.0.0" }, "optionalPeers": ["@react-native-async-storage/async-storage"] }, "sha512-B4w0iS7MxRg28oIh2fJFTE6cM0lYdBrW19eHpc42jqEcloUjlYyVrpPqZvqA4+v9KFEVSKEs2SfWyta7hbzkJQ=="],

    "@firebase/auth-compat": ["@firebase/auth-compat@0.6.7", "", { "dependencies": { "@firebase/auth": "1.13.2", "@firebase/auth-types": "0.13.1", "@firebase/component": "0.7.3", "@firebase/util": "1.15.1", "tslib": "^2.1.0" }, "peerDependencies": { "@firebase/app-compat": "0.x" } }, "sha512-XgKnOgY1Siq7gylAmLkYtHAlRxNeWEAspH+nO3gJZJnfHqoTHbr9UjJ3nHNFALYXV5CfpQlyPROyB2ztySBHBQ=="],

    "@firebase/auth-interop-types": ["@firebase/auth-interop-types@0.2.5", "", {}, "sha512-1Li/YuBDBAXcKv7BzY4U28gontUmAaw53sYiqbaVOMCFb2lFKK/c3CGMUWqtwe7+TXrl3poWnTCL5umYBg85Eg=="],

    "@firebase/auth-types": ["@firebase/auth-types@0.13.1", "", { "peerDependencies": { "@firebase/app-types": "0.x", "@firebase/util": "1.x" } }, "sha512-0c1Mnid0uMDfGJHeUS4zfvBa4/CedJXotGy/n/NZJnBjwiJawt0ZYU+wH2VAVLiRCEfG2ncCkAX3yd1/2nrB7g=="],

    "@firebase/component": ["@firebase/component@0.7.3", "", { "dependencies": { "@firebase/util": "1.15.1", "tslib": "^2.1.0" } }, "sha512-wFofIaa2879ogD/WvkjYXJxRmfnL0scen6ORgaC3na1FNOR9ASIUANQdhqQcmWu/h77/pVHY7ch5flewa5Bcew=="],

    "@firebase/data-connect": ["@firebase/data-connect@0.7.1", "", { "dependencies": { "@firebase/auth-interop-types": "0.2.5", "@firebase/component": "0.7.3", "@firebase/logger": "0.5.1", "@firebase/util": "1.15.1", "tslib": "^2.1.0" }, "peerDependencies": { "@firebase/app": "0.x" } }, "sha512-2LbUU8mmSA63HknxQMmWHjpzuNLBKflvVwQc2tpoVKg0biWleNEJX031ELks0vzFs+dDjOUkCJR72RP6mQHFOg=="],

    "@firebase/database": ["@firebase/database@1.1.3", "", { "dependencies": { "@firebase/app-check-interop-types": "0.3.4", "@firebase/auth-interop-types": "0.2.5", "@firebase/component": "0.7.3", "@firebase/logger": "0.5.1", "@firebase/util": "1.15.1", "faye-websocket": "0.11.4", "tslib": "^2.1.0" } }, "sha512-XwWCa+E4TvNGpGwXrycLRNfdogADwFcvuhyow6wDWma9W54roaQIhe+4PM0KiLsIftBdSCGI7OKCXrdSRHbIhw=="],

    "@firebase/database-compat": ["@firebase/database-compat@2.1.4", "", { "dependencies": { "@firebase/component": "0.7.3", "@firebase/database": "1.1.3", "@firebase/database-types": "1.0.20", "@firebase/logger": "0.5.1", "@firebase/util": "1.15.1", "tslib": "^2.1.0" } }, "sha512-3pK35F1MAgmqFJQlf2nhQl44vtAXQO1uaCaQOEUI9kCRtLFqi7N+QRKR7lFZPg+xIZIyubgxQaxY69YgfZRZWg=="],

    "@firebase/database-types": ["@firebase/database-types@1.0.20", "", { "dependencies": { "@firebase/app-types": "0.9.5", "@firebase/util": "1.15.1" } }, "sha512-kegbOk/w8iU64pr0q6k2ItyNGjnQBMHFhwS7ohdWI4W+pc0/zhhdGXTdFj6X1oxItRjPoYOsSQmERgBkn/ihxw=="],

    "@firebase/firestore": ["@firebase/firestore@4.15.0", "", { "dependencies": { "@firebase/component": "0.7.3", "@firebase/logger": "0.5.1", "@firebase/util": "1.15.1", "@firebase/webchannel-wrapper": "1.0.6", "@grpc/grpc-js": "~1.9.0", "@grpc/proto-loader": "^0.7.8", "tslib": "^2.1.0" }, "peerDependencies": { "@firebase/app": "0.x" } }, "sha512-Fj9osqYkz2Rqr7kW3/A8BRd8CyJ7yA5K8YjhihRdyJWbL+FsELVcR6DpoCplrp1IyU+xeGgTubo1UOySXpY+EA=="],

    "@firebase/firestore-compat": ["@firebase/firestore-compat@0.4.10", "", { "dependencies": { "@firebase/component": "0.7.3", "@firebase/firestore": "4.15.0", "@firebase/firestore-types": "3.0.4", "@firebase/util": "1.15.1", "tslib": "^2.1.0" }, "peerDependencies": { "@firebase/app-compat": "0.x" } }, "sha512-yMP3FADDjikdrQv4YmvL4EkIny6Hw+N+a2O5T40rlHiniyMpRPxgYkKiFOvMZnsqKLqBVnKqCAElC0pa/IZtdw=="],

    "@firebase/firestore-types": ["@firebase/firestore-types@3.0.4", "", { "peerDependencies": { "@firebase/app-types": "0.x", "@firebase/util": "1.x" } }, "sha512-jGn+JSS4X9zZsrfu7Yw66v5YRdOLD1oyQh4USR0xWl4CUqV/DA6bNIXRPpxH/cUl3iVTNiP6MN7g+EL42A4qfA=="],

    "@firebase/functions": ["@firebase/functions@0.13.5", "", { "dependencies": { "@firebase/app-check-interop-types": "0.3.4", "@firebase/auth-interop-types": "0.2.5", "@firebase/component": "0.7.3", "@firebase/messaging-interop-types": "0.2.5", "@firebase/util": "1.15.1", "tslib": "^2.1.0" }, "peerDependencies": { "@firebase/app": "0.x" } }, "sha512-bWCx713f4kE/uFV7gdFOLBS7lDoiZj48MRkbAqe35gkXcCeWF4QjRNO07Jhmve7EJIoQOBczL29y2r8VRuN1kw=="],

    "@firebase/functions-compat": ["@firebase/functions-compat@0.4.5", "", { "dependencies": { "@firebase/component": "0.7.3", "@firebase/functions": "0.13.5", "@firebase/functions-types": "0.6.4", "@firebase/util": "1.15.1", "tslib": "^2.1.0" }, "peerDependencies": { "@firebase/app-compat": "0.x" } }, "sha512-10qlUXGY25G5/1g9UihqksPp2po+ZqSE7LEizsrdUP7vrTmkysXxGSZCDyojSEp6mQe/ecRDdDDI+z4XRdb4wQ=="],

    "@firebase/functions-types": ["@firebase/functions-types@0.6.4", "", {}, "sha512-zV6kgqtduR4rUAdC/ilS7kmb93XD7bEZoJDlVBZqlOw2uGGGCNBQBuleww2rr0Ulr3L9o2TDjumEt68/l1f9DQ=="],

    "@firebase/installations": ["@firebase/installations@0.6.22", "", { "dependencies": { "@firebase/component": "0.7.3", "@firebase/util": "1.15.1", "idb": "7.1.1", "tslib": "^2.1.0" }, "peerDependencies": { "@firebase/app": "0.x" } }, "sha512-ef6nn3GGQTdReCfotRMG77PJZu8CqEbiK5pEoBnM0gTu/Z9v0i/az2p3HABsa/1beQmmyh1OsOjf7P5+pgwdZw=="],

    "@firebase/installations-compat": ["@firebase/installations-compat@0.2.22", "", { "dependencies": { "@firebase/component": "0.7.3", "@firebase/installations": "0.6.22", "@firebase/installations-types": "0.5.4", "@firebase/util": "1.15.1", "tslib": "^2.1.0" }, "peerDependencies": { "@firebase/app-compat": "0.x" } }, "sha512-C/zpAuTP5S9OgKSPvXRupw3hoY/JZSlA1wFjD/Sb7LIQE0FNbcMdO8Y4KXVEkjVzma/DDDDIAzxEXqKMAzc88w=="],

    "@firebase/installations-types": ["@firebase/installations-types@0.5.4", "", { "peerDependencies": { "@firebase/app-types": "0.x" } }, "sha512-U2eFapdHwjb43Vx9o+Pmj4dFfvcHEK1IirEFLqMtWrTHvmdrS3gBpBD1kmJk/9HjsOtoHZxJ2Paoe79e+L1ZPg=="],

    "@firebase/logger": ["@firebase/logger@0.5.1", "", { "dependencies": { "tslib": "^2.1.0" } }, "sha512-vZKLsqE1ABOy8OjQiE7cUTFn4gvaqlk88yp8N94Pk/sDpq61YqZGqmVFZTvOyflTwuYFcWirBdYGoJgbDaXKYQ=="],

    "@firebase/messaging": ["@firebase/messaging@0.13.0", "", { "dependencies": { "@firebase/component": "0.7.3", "@firebase/installations": "0.6.22", "@firebase/messaging-interop-types": "0.2.5", "@firebase/util": "1.15.1", "idb": "7.1.1", "tslib": "^2.1.0" }, "peerDependencies": { "@firebase/app": "0.x" } }, "sha512-GZoo0uGRvEbszo83xcgbjJp4FpkmBEr4l8Z4hi8gl+P1Spn/MTK3HapanMzSX4yUHuTEiF5hasWRxOaz+o5sxQ=="],

    "@firebase/messaging-compat": ["@firebase/messaging-compat@0.2.27", "", { "dependencies": { "@firebase/component": "0.7.3", "@firebase/messaging": "0.13.0", "@firebase/util": "1.15.1", "tslib": "^2.1.0" }, "peerDependencies": { "@firebase/app-compat": "0.x" } }, "sha512-JNOiu1PPgdHzEPEtoFiNxQuu0x9bm4bfETSQCpGfcTlgWkhlSK7uh7nlsjC10TQLUNgYetLmuutaYTh8aeYLVA=="],

    "@firebase/messaging-interop-types": ["@firebase/messaging-interop-types@0.2.5", "", {}, "sha512-tUEKnaAP2Y/MNIqgnriPpV6e5l13Vs/+p2yrd6NGlncPJT9O3a8muYZtdnWe+IJ4fgKLHJVC79n/asxk/N5Msw=="],

    "@firebase/performance": ["@firebase/performance@0.7.12", "", { "dependencies": { "@firebase/component": "0.7.3", "@firebase/installations": "0.6.22", "@firebase/logger": "0.5.1", "@firebase/util": "1.15.1", "tslib": "^2.1.0", "web-vitals": "^4.2.4" }, "peerDependencies": { "@firebase/app": "0.x" } }, "sha512-fe7nV8teUU3OBHlMUZ9Lw4gLhCW2k4m5Uc3pfWGV+fl8uwJQBGp9Q3lqsJ+HSrFu3Q2pJyLAgrClPGSKyDeYgQ=="],

    "@firebase/performance-compat": ["@firebase/performance-compat@0.2.25", "", { "dependencies": { "@firebase/component": "0.7.3", "@firebase/logger": "0.5.1", "@firebase/performance": "0.7.12", "@firebase/performance-types": "0.2.4", "@firebase/util": "1.15.1", "tslib": "^2.1.0" }, "peerDependencies": { "@firebase/app-compat": "0.x" } }, "sha512-q6NjTXpIPoFuUmCmMN/maCdTgzT6aExs9xZo+PxfVLj6uLVGvpyAD6XWjmcrb7jChsFBYbq7E5dyNDF7Zhy9kA=="],

    "@firebase/performance-types": ["@firebase/performance-types@0.2.4", "", {}, "sha512-kJSEk7b0uhpcPRyL4SQ/GPujLqk52XNKcXlnsKDbWGAb9vugcLvOU3u6zfEdwd+d8hWJb5S5ZizV1JFFI0nkKg=="],

    "@firebase/remote-config": ["@firebase/remote-config@0.8.4", "", { "dependencies": { "@firebase/component": "0.7.3", "@firebase/installations": "0.6.22", "@firebase/logger": "0.5.1", "@firebase/util": "1.15.1", "tslib": "^2.1.0" }, "peerDependencies": { "@firebase/app": "0.x" } }, "sha512-lslywR5lGvHWTu4z/MPoYs3UwS3CKdeY+ELXY87087VsOpBpkD+9Orra23tA9GW683arPTDOM3CM6eKmtiOO3g=="],

    "@firebase/remote-config-compat": ["@firebase/remote-config-compat@0.2.25", "", { "dependencies": { "@firebase/component": "0.7.3", "@firebase/logger": "0.5.1", "@firebase/remote-config": "0.8.4", "@firebase/remote-config-types": "0.5.1", "@firebase/util": "1.15.1", "tslib": "^2.1.0" }, "peerDependencies": { "@firebase/app-compat": "0.x" } }, "sha512-FnA5S4IxFJAAFrCnYzWlO0FCaizlYdqhe42ygFMA+wE/mUP+w36iXzHyKj1OO1A+2gyMFjeRHyg8HhkJ6c5vRA=="],

    "@firebase/remote-config-types": ["@firebase/remote-config-types@0.5.1", "", {}, "sha512-cX/1LT6KQwkXzck2eSzeKnuvXZCyr8qaPpDcikoJs7jmI+oBOXixpDLeDtWj1U6GNMkIoXrEDNoyT2Ypcyp5/A=="],

    "@firebase/storage": ["@firebase/storage@0.14.3", "", { "dependencies": { "@firebase/component": "0.7.3", "@firebase/util": "1.15.1", "tslib": "^2.1.0" }, "peerDependencies": { "@firebase/app": "0.x" } }, "sha512-YX4/YL6P6/fufSSeGnVhjWddcIXbFq2cWIhMKFTZo1E/Rtcl2mJj/BYUQTwJfcE1Tl8un1FOya4L05jcSLN/Eg=="],

    "@firebase/storage-compat": ["@firebase/storage-compat@0.4.3", "", { "dependencies": { "@firebase/component": "0.7.3", "@firebase/storage": "0.14.3", "@firebase/storage-types": "0.8.4", "@firebase/util": "1.15.1", "tslib": "^2.1.0" }, "peerDependencies": { "@firebase/app-compat": "0.x" } }, "sha512-gruVqjtUGX8tEoeNbaWXZm0Zfcfcb7fvmDmBxV8yPAbWvExRnZYLO2+qw9idxNE7BvPXt5csyjSYHy//dAizxw=="],

    "@firebase/storage-types": ["@firebase/storage-types@0.8.4", "", { "peerDependencies": { "@firebase/app-types": "0.x", "@firebase/util": "1.x" } }, "sha512-BT7cwxJOx8SWwlQfrlC+bD/Sk3Cw+1odCi8UZNFNWTVZoPsBnA5W+mqtZzVnvsdJpXCFGSGQ7R7vOR6dtM/BRA=="],

    "@firebase/util": ["@firebase/util@1.15.1", "", { "dependencies": { "tslib": "^2.1.0" } }, "sha512-LUdM4Wg7YM9Pq/49nGYySJA0CSQEKnGffFzWV8+6gXN7mGxn+FL1IqvFbuZUtAQcfZgHYDwCE1wwlK7rB7gl2g=="],

    "@firebase/webchannel-wrapper": ["@firebase/webchannel-wrapper@1.0.6", "", {}, "sha512-Vr/Mqu79dMwGRAyGbJ4uN4+BtXB3/mRTdzetD1daWNeG8QaWuzhhbG77GltO5c0yYmYls8i250iX73624GJd7Q=="],

    "@google-cloud/firestore": ["@google-cloud/firestore@8.6.0", "", { "dependencies": { "@opentelemetry/api": "^1.9.0", "fast-deep-equal": "^3.1.3", "functional-red-black-tree": "^1.0.1", "google-gax": "^5.0.1", "protobufjs": "^7.5.3" } }, "sha512-TdvZHfwQj5B5CSDEgDqyrhdVqtOSupmBXDQPasMAJiC64tjsGvyMooNiC43fdk1TsUHeklyoZ6/vQ1TjWKVMbg=="],

    "@grpc/grpc-js": ["@grpc/grpc-js@1.14.1", "", { "dependencies": { "@grpc/proto-loader": "^0.8.0", "@js-sdsl/ordered-map": "^4.4.2" } }, "sha512-sPxgEWtPUR3EnRJCEtbGZG2iX8LQDUls2wUS3o27jg07KqJFMq6YDeWvMo1wfpmy3rqRdS0rivpLwhqQtEyCuQ=="],

    "@grpc/proto-loader": ["@grpc/proto-loader@0.8.0", "", { "dependencies": { "lodash.camelcase": "^4.3.0", "long": "^5.0.0", "protobufjs": "^7.5.3", "yargs": "^17.7.2" }, "bin": { "proto-loader-gen-types": "build/bin/proto-loader-gen-types.js" } }, "sha512-rc1hOQtjIWGxcxpb9aHAfLpIctjEnsDehj0DAiVfBlmT84uvR0uUtN2hEi/ecvWVjXUGf5qPF4qEgiLOx1YIMQ=="],

    "@heroicons/react": ["@heroicons/react@2.2.0", "", { "peerDependencies": { "react": ">= 16 || ^19.0.0-rc" } }, "sha512-LMcepvRaS9LYHJGsF0zzmgKCUim/X3N/DQKc4jepAXJ7l8QxJ1PmxJzqplF2Z3FE4PqBAIGyJAQ/w4B5dsqbtQ=="],

    "@isaacs/cliui": ["@isaacs/cliui@8.0.2", "", { "dependencies": { "string-width": "^5.1.2", "string-width-cjs": "npm:string-width@^4.2.0", "strip-ansi": "^7.0.1", "strip-ansi-cjs": "npm:strip-ansi@^6.0.1", "wrap-ansi": "^8.1.0", "wrap-ansi-cjs": "npm:wrap-ansi@^7.0.0" } }, "sha512-O8jcjabXaleOG9DQ0+ARXWZBTfnP4WNAqzuiJK7ll44AmxGKv/J2M4TPjxjY3znBCfvBXFzucm1twdyFybFqEA=="],

    "@js-sdsl/ordered-map": ["@js-sdsl/ordered-map@4.4.2", "", {}, "sha512-iUKgm52T8HOE/makSxjqoWhe95ZJA1/G1sYsGev2JDKUSS14KAgg1LHb+Ba+IPow0xflbnSkOsZcO08C7w1gYw=="],

    "@opentelemetry/api": ["@opentelemetry/api@1.9.0", "", {}, "sha512-3giAOQvZiH5F9bMlMiv8+GSPMeqg0dbaeo58/0SlA9sxSqZhnUtxzX9/2FzyhS9sWQf5S0GJE0AKBrFqjpeYcg=="],

    "@pkgjs/parseargs": ["@pkgjs/parseargs@0.11.0", "", {}, "sha512-+1VkjdD0QBLPodGrJUeqarH8VAIvQODIbwh9XpP5Syisf7YoQgsJKPNFoqqLQlu+VQ/tVSshMR6loPMn8U+dPg=="],

    "@protobufjs/aspromise": ["@protobufjs/aspromise@1.1.2", "", {}, "sha512-j+gKExEuLmKwvz3OgROXtrJ2UG2x8Ch2YZUxahh+s1F2HZ+wAceUNLkvy6zKCPVRkU++ZWQrdxsUeQXmcg4uoQ=="],

    "@protobufjs/base64": ["@protobufjs/base64@1.1.2", "", {}, "sha512-AZkcAA5vnN/v4PDqKyMR5lx7hZttPDgClv83E//FMNhR2TMcLUhfRUBHCmSl0oi9zMgDDqRUJkSxO3wm85+XLg=="],

    "@protobufjs/codegen": ["@protobufjs/codegen@2.0.4", "", {}, "sha512-YyFaikqM5sH0ziFZCN3xDC7zeGaB/d0IUb9CATugHWbd1FRFwWwt4ld4OYMPWu5a3Xe01mGAULCdqhMlPl29Jg=="],

    "@protobufjs/eventemitter": ["@protobufjs/eventemitter@1.1.0", "", {}, "sha512-j9ednRT81vYJ9OfVuXG6ERSTdEL1xVsNgqpkxMsbIabzSo3goCjDIveeGv5d03om39ML71RdmrGNjG5SReBP/Q=="],

    "@protobufjs/fetch": ["@protobufjs/fetch@1.1.0", "", { "dependencies": { "@protobufjs/aspromise": "^1.1.1", "@protobufjs/inquire": "^1.1.0" } }, "sha512-lljVXpqXebpsijW71PZaCYeIcE5on1w5DlQy5WH6GLbFryLUrBD4932W/E2BSpfRJWseIL4v/KPgBFxDOIdKpQ=="],

    "@protobufjs/float": ["@protobufjs/float@1.0.2", "", {}, "sha512-Ddb+kVXlXst9d+R9PfTIxh1EdNkgoRe5tOX6t01f1lYWOvJnSPDBlG241QLzcyPdoNTsblLUdujGSE4RzrTZGQ=="],

    "@protobufjs/inquire": ["@protobufjs/inquire@1.1.0", "", {}, "sha512-kdSefcPdruJiFMVSbn801t4vFK7KB/5gd2fYvrxhuJYg8ILrmn9SKSX2tZdV6V+ksulWqS7aXjBcRXl3wHoD9Q=="],

    "@protobufjs/path": ["@protobufjs/path@1.1.2", "", {}, "sha512-6JOcJ5Tm08dOHAbdR3GrvP+yUUfkjG5ePsHYczMFLq3ZmMkAD98cDgcT2iA1lJ9NVwFd4tH/iSSoe44YWkltEA=="],

    "@protobufjs/pool": ["@protobufjs/pool@1.1.0", "", {}, "sha512-0kELaGSIDBKvcgS4zkjz1PeddatrjYcmMWOlAuAPwAeccUrPHdUqo/J6LiymHHEiJT5NrF1UVwxY14f+fy4WQw=="],

    "@protobufjs/utf8": ["@protobufjs/utf8@1.1.0", "", {}, "sha512-Vvn3zZrhQZkkBE8LSuW3em98c0FwgO4nxzv6OdSxPKJIEKY2bGbHn+mhGIPerzI4twdxaP8/0+06HBpwf345Lw=="],

    "@tootallnate/once": ["@tootallnate/once@2.0.0", "", {}, "sha512-XCuKFP5PS55gnMVu3dty8KPatLqUoy/ZYzDzAGCQ8JNFCkLXzmI7vNHCR+XpbZaMWQK/vQubr7PkYq8g470J/A=="],

    "@types/bun": ["@types/bun@1.3.14", "", { "dependencies": { "bun-types": "1.3.14" } }, "sha512-h1hFqFVcvAvD9j9K7ZW7vd82aSA+rTdznZa+5bwvCwqSB1jmmfLcbIWhOLx1/+boy/xmjgCs/OMUL8hRJSmnPw=="],

    "@types/node": ["@types/node@24.10.1", "", { "dependencies": { "undici-types": "~7.16.0" } }, "sha512-GNWcUTRBgIRJD5zj+Tq0fKOJ5XZajIiBroOF0yvj2bSU1WvNdYS/dn9UxwsujGW4JX06dnHyjV2y9rRaybH0iQ=="],

    "@types/react": ["@types/react@19.2.15", "", { "dependencies": { "csstype": "^3.2.2" } }, "sha512-eRwcGNHve+E8qtEQSSRl6urh+rFop4v8gm6O8rGv25CodbvFdLjA1vVQ1KkiFE0w0UPOnb8tDiFKL5lp0rtY5Q=="],

    "@types/react-dom": ["@types/react-dom@19.2.3", "", { "peerDependencies": { "@types/react": "^19.2.0" } }, "sha512-jp2L/eY6fn+KgVVQAOqYItbF0VY/YApe5Mz2F0aykSO8gx31bYCZyvSeYxCHKvzHG5eZjc+zyaS5BrBWya2+kQ=="],

    "@typescript/native-preview": ["@typescript/native-preview@7.0.0-dev.20260527.2", "", { "optionalDependencies": { "@typescript/native-preview-darwin-arm64": "7.0.0-dev.20260527.2", "@typescript/native-preview-darwin-x64": "7.0.0-dev.20260527.2", "@typescript/native-preview-linux-arm": "7.0.0-dev.20260527.2", "@typescript/native-preview-linux-arm64": "7.0.0-dev.20260527.2", "@typescript/native-preview-linux-x64": "7.0.0-dev.20260527.2", "@typescript/native-preview-win32-arm64": "7.0.0-dev.20260527.2", "@typescript/native-preview-win32-x64": "7.0.0-dev.20260527.2" }, "bin": { "tsgo": "bin/tsgo.js" } }, "sha512-piqkDwikVeizCFqA1lcwI5F4wOAtBdxuliWe77ApBNRyBPPvfCJB+u/HYi9/8t5nd0sWvFs6/qt/AzJ1CCoykQ=="],

    "@typescript/native-preview-darwin-arm64": ["@typescript/native-preview-darwin-arm64@7.0.0-dev.20260527.2", "", { "os": "darwin", "cpu": "arm64" }, "sha512-3LqSu4DlxkEfeC/Z/29QMCJn5jjkDtXI7LYuxfmjdmAatS6umDKqm8J17fnP/7fyrZUMBTIYRwSDpChGV3G1ew=="],

    "@typescript/native-preview-darwin-x64": ["@typescript/native-preview-darwin-x64@7.0.0-dev.20260527.2", "", { "os": "darwin", "cpu": "x64" }, "sha512-H4+sxE9qaBbLF83wMdWE0FsgfK0Pom+/O+/oxqyGzhVkDJlNt3vfpgQZMit48/Gm44AacGfBggJ9Dhbi3aeSFw=="],

    "@typescript/native-preview-linux-arm": ["@typescript/native-preview-linux-arm@7.0.0-dev.20260527.2", "", { "os": "linux", "cpu": "arm" }, "sha512-6I9Cv9ozwfS9zB9vRQDPIYseLX3artEO9jl3yVgLj4ishwlSF4cWAbIsjl5IztPaEgHv8coej/6tX1D0uaBzXg=="],

    "@typescript/native-preview-linux-arm64": ["@typescript/native-preview-linux-arm64@7.0.0-dev.20260527.2", "", { "os": "linux", "cpu": "arm64" }, "sha512-BGUDMjC2Z3TTdZRkGGwhBLelkP5UYgO2rbep8aF4dS3fu7T5lFPPrnfS6EgqJgie+cF5Fsev7xEq8wWyBDM+lg=="],

    "@typescript/native-preview-linux-x64": ["@typescript/native-preview-linux-x64@7.0.0-dev.20260527.2", "", { "os": "linux", "cpu": "x64" }, "sha512-vpazOu+ozlxBo8U57YJMzsOPuxAV8H7fu36KJ8ea8At/D8pdGmOAy5TuB+9OBQV9JDe0OXJMy2kmbhOpmkTAmA=="],

    "@typescript/native-preview-win32-arm64": ["@typescript/native-preview-win32-arm64@7.0.0-dev.20260527.2", "", { "os": "win32", "cpu": "arm64" }, "sha512-DBFnFE3V6AITkPO1K1VxXf3yEZKjU2FwtXlNwRqhzDu0rrL2SsJHOSrBDX+OacTxQFzZMxFcpiuhV8jHZALPEg=="],

    "@typescript/native-preview-win32-x64": ["@typescript/native-preview-win32-x64@7.0.0-dev.20260527.2", "", { "os": "win32", "cpu": "x64" }, "sha512-1tBlErMvQgcMqqYwsx4tytupcjCJcOUXD3vBn1Wb/kAvus1FzWQAFE0fcKBvLfcqLQfTiiEwKKEtbLjGmakqqg=="],

    "agent-base": ["agent-base@7.1.4", "", {}, "sha512-MnA+YT8fwfJPgBx3m60MNqakm30XOkyIoH1y6huTQvC0PwZG7ki8NacLBcrPbNoo8vEZy7Jpuk7+jMO+CUovTQ=="],

    "ansi-regex": ["ansi-regex@5.0.1", "", {}, "sha512-quJQXlTSUGL2LH9SUXo8VwsY4soanhgo6LNSm84E1LBcE8s3O0wpdiRzyR9z/ZZJMlMWv37qOOb9pdJlMUEKFQ=="],

    "ansi-styles": ["ansi-styles@4.3.0", "", { "dependencies": { "color-convert": "^2.0.1" } }, "sha512-zbB9rCJAT1rbjiVDb2hqKFHNYLxgtk8NURxZ3IZwD3F6NtxbXZQCnnSi1Lkx+IDohdPlFp222wVALIheZJQSEg=="],

    "balanced-match": ["balanced-match@1.0.2", "", {}, "sha512-3oSeUO0TMV67hN1AmbXsK4yaqU7tjiHlbxRDZOpH0KW9+CeX4bRAaX0Anxt0tx2MrpRpWwQaPwIlISEJhYU5Pw=="],

    "base64-js": ["base64-js@1.5.1", "", {}, "sha512-AKpaYlHn8t4SVbOHCy+b5+KKgvR4vrsD8vbvrbiQJps7fKDTkjkDry6ji0rUJjC0kzbNePLwzxq8iypo41qeWA=="],

    "bignumber.js": ["bignumber.js@9.3.1", "", {}, "sha512-Ko0uX15oIUS7wJ3Rb30Fs6SkVbLmPBAKdlm7q9+ak9bbIeFf0MwuBsQV6z7+X768/cHsfg+WlysDWJcmthjsjQ=="],

    "brace-expansion": ["brace-expansion@2.0.2", "", { "dependencies": { "balanced-match": "^1.0.0" } }, "sha512-Jt0vHyM+jmUBqojB7E1NIYadt0vI0Qxjxd2TErW94wDz+E2LAm5vKMXXwg6ZZBTHPuUlDgQHKXvjGBdfcF1ZDQ=="],

    "buffer-equal-constant-time": ["buffer-equal-constant-time@1.0.1", "", {}, "sha512-zRpUiDwd/xk6ADqPMATG8vc9VPrkck7T07OIx0gnjmJAnHnTVXNQG3vfvWNuiZIkwu9KrKdA1iJKfsfTVxE6NA=="],

    "bun-types": ["bun-types@1.3.14", "", { "dependencies": { "@types/node": "*" } }, "sha512-4N0ig0fEomHt5R0KCFWjovxow98rIoRwKolrYdCcknNwMekCXRnWEUvgu5soYV8QXtVsrUD8B95MBOZGPvr6KQ=="],

    "cliui": ["cliui@8.0.1", "", { "dependencies": { "string-width": "^4.2.0", "strip-ansi": "^6.0.1", "wrap-ansi": "^7.0.0" } }, "sha512-BSeNnyus75C4//NQ9gQt1/csTXyo/8Sb+afLAkzAptFuMsod9HFokGNudZpi/oQV73hnVK+sR+5PVRMd+Dr7YQ=="],

    "color-convert": ["color-convert@2.0.1", "", { "dependencies": { "color-name": "~1.1.4" } }, "sha512-RRECPsj7iu/xb5oKYcsFHSppFNnsj/52OVTRKb4zP5onXwVF3zVmmToNcOfGC+CRDpfK/U584fMg38ZHCaElKQ=="],

    "color-name": ["color-name@1.1.4", "", {}, "sha512-dOy+3AuW3a2wNbZHIuMZpTcgjGuLU/uBL/ubcZF9OXbDo8ff4O8yVp5Bf0efS8uEoYo5q4Fx7dY9OgQGXgAsQA=="],

    "cross-spawn": ["cross-spawn@7.0.6", "", { "dependencies": { "path-key": "^3.1.0", "shebang-command": "^2.0.0", "which": "^2.0.1" } }, "sha512-uV2QOWP2nWzsy2aMp8aRibhi9dlzF5Hgh5SHaB9OiTGEyDTiJJyx0uy51QXdyWbtAHNua4XJzUKca3OzKUd3vA=="],

    "csstype": ["csstype@3.2.3", "", {}, "sha512-z1HGKcYy2xA8AGQfwrn0PAy+PB7X/GSj3UVJW9qKyn43xWa+gl5nXmU4qqLMRzWVLFC8KusUX8T/0kCiOYpAIQ=="],

    "data-uri-to-buffer": ["data-uri-to-buffer@4.0.1", "", {}, "sha512-0R9ikRb668HB7QDxT1vkpuUBtqc53YyAwMwGeUFKRojY/NWKvdZ+9UYtRfGmhqNbRkTSVpMbmyhXipFFv2cb/A=="],

    "debug": ["debug@4.4.3", "", { "dependencies": { "ms": "^2.1.3" } }, "sha512-RGwwWnwQvkVfavKVt22FGLw+xYSdzARwm0ru6DhTVA3umU5hZc28V3kO4stgYryrTlLpuvgI9GiijltAjNbcqA=="],

    "duplexify": ["duplexify@4.1.3", "", { "dependencies": { "end-of-stream": "^1.4.1", "inherits": "^2.0.3", "readable-stream": "^3.1.1", "stream-shift": "^1.0.2" } }, "sha512-M3BmBhwJRZsSx38lZyhE53Csddgzl5R7xGJNk7CVddZD6CcmwMCH8J+7AprIrQKH7TonKxaCjcv27Qmf+sQ+oA=="],

    "eastasianwidth": ["eastasianwidth@0.2.0", "", {}, "sha512-I88TYZWc9XiYHRQ4/3c5rjjfgkjhLyW2luGIheGERbNQ6OY7yTybanSpDXZa8y7VUP9YmDcYa+eyq4ca7iLqWA=="],

    "ecdsa-sig-formatter": ["ecdsa-sig-formatter@1.0.11", "", { "dependencies": { "safe-buffer": "^5.0.1" } }, "sha512-nagl3RYrbNv6kQkeJIpt6NJZy8twLB/2vtz6yN9Z4vRKHN4/QZJIEbqohALSgwKdnksuY3k5Addp5lg8sVoVcQ=="],

    "emoji-regex": ["emoji-regex@8.0.0", "", {}, "sha512-MSjYzcWNOA0ewAHpz0MxpYFvwg6yjy1NG3xteoqz644VCo/RPgnr1/GGt+ic3iJTzQ8Eu3TdM14SawnVUmGE6A=="],

    "end-of-stream": ["end-of-stream@1.4.5", "", { "dependencies": { "once": "^1.4.0" } }, "sha512-ooEGc6HP26xXq/N+GCGOT0JKCLDGrq2bQUZrQ7gyrJiZANJ/8YDTxTpQBXGMn+WbIQXNVpyWymm7KYVICQnyOg=="],

    "escalade": ["escalade@3.2.0", "", {}, "sha512-WUj2qlxaQtO4g6Pq5c29GTcWGDyd8itL8zTlipgECz3JesAiiOKotd8JU6otB3PACgG6xkJUyVhboMS+bje/jA=="],

    "extend": ["extend@3.0.2", "", {}, "sha512-fjquC59cD7CyW6urNXK0FBufkZcoiGG80wTuPujX590cB5Ttln20E2UB4S/WARVqhXffZl2LNgS+gQdPIIim/g=="],

    "fast-deep-equal": ["fast-deep-equal@3.1.3", "", {}, "sha512-f3qQ9oQy9j2AhBe/H9VC91wLmKBCCU/gDOnKNAYG5hswO7BLKj09Hc5HYNz9cGI++xlpDCIgDaitVs03ATR84Q=="],

    "faye-websocket": ["faye-websocket@0.11.4", "", { "dependencies": { "websocket-driver": ">=0.5.1" } }, "sha512-CzbClwlXAuiRQAlUyfqPgvPoNKTckTPGfwZV4ZdAhVcP2lh9KUxJg2b5GkE7XbjKQ3YJnQ9z6D9ntLAlB+tP8g=="],

    "fetch-blob": ["fetch-blob@3.2.0", "", { "dependencies": { "node-domexception": "^1.0.0", "web-streams-polyfill": "^3.0.3" } }, "sha512-7yAQpD2UMJzLi1Dqv7qFYnPbaPx7ZfFK6PiIxQ4PfkGPyNyl2Ugx+a/umUonmKqjhM4DnfbMvdX6otXq83soQQ=="],

    "firebase": ["firebase@12.14.0", "", { "dependencies": { "@firebase/ai": "2.13.0", "@firebase/analytics": "0.10.22", "@firebase/analytics-compat": "0.2.28", "@firebase/app": "0.14.13", "@firebase/app-check": "0.11.4", "@firebase/app-check-compat": "0.4.4", "@firebase/app-compat": "0.5.13", "@firebase/app-types": "0.9.5", "@firebase/auth": "1.13.2", "@firebase/auth-compat": "0.6.7", "@firebase/data-connect": "0.7.1", "@firebase/database": "1.1.3", "@firebase/database-compat": "2.1.4", "@firebase/firestore": "4.15.0", "@firebase/firestore-compat": "0.4.10", "@firebase/functions": "0.13.5", "@firebase/functions-compat": "0.4.5", "@firebase/installations": "0.6.22", "@firebase/installations-compat": "0.2.22", "@firebase/messaging": "0.13.0", "@firebase/messaging-compat": "0.2.27", "@firebase/performance": "0.7.12", "@firebase/performance-compat": "0.2.25", "@firebase/remote-config": "0.8.4", "@firebase/remote-config-compat": "0.2.25", "@firebase/storage": "0.14.3", "@firebase/storage-compat": "0.4.3", "@firebase/util": "1.15.1" } }, "sha512-aEZ/lniDR1hOCYpx/x/V8Nrrqq9pepKDNkqP/4WGZFC69gTv6F59Z4/54W/SUP4L/hFlrRNmWj35aweQq+IHow=="],

    "foreground-child": ["foreground-child@3.3.1", "", { "dependencies": { "cross-spawn": "^7.0.6", "signal-exit": "^4.0.1" } }, "sha512-gIXjKqtFuWEgzFRJA9WCQeSJLZDjgJUOMCMzxtvFq/37KojM1BFGufqsCy0r4qSQmYLsZYMeyRqzIWOMup03sw=="],

    "formdata-polyfill": ["formdata-polyfill@4.0.10", "", { "dependencies": { "fetch-blob": "^3.1.2" } }, "sha512-buewHzMvYL29jdeQTVILecSaZKnt/RJWjoZCF5OW60Z67/GmSLBkOFM7qh1PI3zFNtJbaZL5eQu1vLfazOwj4g=="],

    "functional-red-black-tree": ["functional-red-black-tree@1.0.1", "", {}, "sha512-dsKNQNdj6xA3T+QlADDA7mOSlX0qiMINjn0cgr+eGHGsbSHzTabcIogz2+p/iqP1Xs6EP/sS2SbqH+brGTbq0g=="],

    "gaxios": ["gaxios@7.1.3", "", { "dependencies": { "extend": "^3.0.2", "https-proxy-agent": "^7.0.1", "node-fetch": "^3.3.2", "rimraf": "^5.0.1" } }, "sha512-YGGyuEdVIjqxkxVH1pUTMY/XtmmsApXrCVv5EU25iX6inEPbV+VakJfLealkBtJN69AQmh1eGOdCl9Sm1UP6XQ=="],

    "gcp-metadata": ["gcp-metadata@8.1.2", "", { "dependencies": { "gaxios": "^7.0.0", "google-logging-utils": "^1.0.0", "json-bigint": "^1.0.0" } }, "sha512-zV/5HKTfCeKWnxG0Dmrw51hEWFGfcF2xiXqcA3+J90WDuP0SvoiSO5ORvcBsifmx/FoIjgQN3oNOGaQ5PhLFkg=="],

    "get-caller-file": ["get-caller-file@2.0.5", "", {}, "sha512-DyFP3BM/3YHTQOCUL/w0OZHR0lpKeGrxotcHWcqNEdnltqFwXVfhEBQ94eIo34AfQpo0rGki4cyIiftY06h2Fg=="],

    "glob": ["glob@10.5.0", "", { "dependencies": { "foreground-child": "^3.1.0", "jackspeak": "^3.1.2", "minimatch": "^9.0.4", "minipass": "^7.1.2", "package-json-from-dist": "^1.0.0", "path-scurry": "^1.11.1" }, "bin": { "glob": "dist/esm/bin.mjs" } }, "sha512-DfXN8DfhJ7NH3Oe7cFmu3NCu1wKbkReJ8TorzSAFbSKrlNaQSKfIzqYqVY8zlbs2NLBbWpRiU52GX2PbaBVNkg=="],

    "google-auth-library": ["google-auth-library@10.6.1", "", { "dependencies": { "base64-js": "^1.3.0", "ecdsa-sig-formatter": "^1.0.11", "gaxios": "7.1.3", "gcp-metadata": "8.1.2", "google-logging-utils": "1.1.3", "jws": "^4.0.0" } }, "sha512-5awwuLrzNol+pFDmKJd0dKtZ0fPLAtoA5p7YO4ODsDu6ONJUVqbYwvv8y2ZBO5MBNp9TJXigB19710kYpBPdtA=="],

    "google-gax": ["google-gax@5.0.6", "", { "dependencies": { "@grpc/grpc-js": "^1.12.6", "@grpc/proto-loader": "^0.8.0", "duplexify": "^4.1.3", "google-auth-library": "^10.1.0", "google-logging-utils": "^1.1.1", "node-fetch": "^3.3.2", "object-hash": "^3.0.0", "proto3-json-serializer": "^3.0.0", "protobufjs": "^7.5.3", "retry-request": "^8.0.0", "rimraf": "^5.0.1" } }, "sha512-1kGbqVQBZPAAu4+/R1XxPQKP0ydbNYoLAr4l0ZO2bMV0kLyLW4I1gAk++qBLWt7DPORTzmWRMsCZe86gDjShJA=="],

    "google-logging-utils": ["google-logging-utils@1.1.3", "", {}, "sha512-eAmLkjDjAFCVXg7A1unxHsLf961m6y17QFqXqAXGj/gVkKFrEICfStRfwUlGNfeCEjNRa32JEWOUTlYXPyyKvA=="],

    "http-parser-js": ["http-parser-js@0.5.10", "", {}, "sha512-Pysuw9XpUq5dVc/2SMHpuTY01RFl8fttgcyunjL7eEMhGM3cI4eOmiCycJDVCo/7O7ClfQD3SaI6ftDzqOXYMA=="],

    "http-proxy-agent": ["http-proxy-agent@5.0.0", "", { "dependencies": { "@tootallnate/once": "2", "agent-base": "6", "debug": "4" } }, "sha512-n2hY8YdoRE1i7r6M0w9DIw5GgZN0G25P8zLCRQ8rjXtTU3vsNFBI/vWK/UIeE6g5MUUz6avwAPXmL6Fy9D/90w=="],

    "https-proxy-agent": ["https-proxy-agent@7.0.6", "", { "dependencies": { "agent-base": "^7.1.2", "debug": "4" } }, "sha512-vK9P5/iUfdl95AI+JVyUuIcVtd4ofvtrOr3HNtM2yxC9bnMbEdp3x01OhQNnjb8IJYi38VlTE3mBXwcfvywuSw=="],

    "idb": ["idb@7.1.1", "", {}, "sha512-gchesWBzyvGHRO9W8tzUWFDycow5gwjvFKfyV9FF32Y7F50yZMp7mP+T2mJIWFx49zicqyC4uefHM17o6xKIVQ=="],

    "inherits": ["inherits@2.0.4", "", {}, "sha512-k/vGaX4/Yla3WzyMCvTQOXYeIHvqOKtnqBduzTHpzpQZzAskKMhZ2K+EnBiSM9zGSoIFeMpXKxa4dYeZIQqewQ=="],

    "is-fullwidth-code-point": ["is-fullwidth-code-point@3.0.0", "", {}, "sha512-zymm5+u+sCsSWyD9qNaejV3DFvhCKclKdizYaJUuHA83RLjb7nSuGnddCHGv0hk+KY7BMAlsWeK4Ueg6EV6XQg=="],

    "isexe": ["isexe@2.0.0", "", {}, "sha512-RHxMLp9lnKHGHRng9QFhRCMbYAcVpn69smSGcq3f36xjgVVWThj4qqLbTLlq7Ssj8B+fIQ1EuCEGI2lKsyQeIw=="],

    "jackspeak": ["jackspeak@3.4.3", "", { "dependencies": { "@isaacs/cliui": "^8.0.2" }, "optionalDependencies": { "@pkgjs/parseargs": "^0.11.0" } }, "sha512-OGlZQpz2yfahA/Rd1Y8Cd9SIEsqvXkLVoSw/cgwhnhFMDbsQFeZYoJJ7bIZBS9BcamUW96asq/npPWugM+RQBw=="],

    "json-bigint": ["json-bigint@1.0.0", "", { "dependencies": { "bignumber.js": "^9.0.0" } }, "sha512-SiPv/8VpZuWbvLSMtTDU8hEfrZWg/mH/nV/b4o0CYbSxu1UIQPLdwKOCIyLQX+VIPO5vrLX3i8qtqFyhdPSUSQ=="],

    "jwa": ["jwa@2.0.1", "", { "dependencies": { "buffer-equal-constant-time": "^1.0.1", "ecdsa-sig-formatter": "1.0.11", "safe-buffer": "^5.0.1" } }, "sha512-hRF04fqJIP8Abbkq5NKGN0Bbr3JxlQ+qhZufXVr0DvujKy93ZCbXZMHDL4EOtodSbCWxOqR8MS1tXA5hwqCXDg=="],

    "jws": ["jws@4.0.0", "", { "dependencies": { "jwa": "^2.0.0", "safe-buffer": "^5.0.1" } }, "sha512-KDncfTmOZoOMTFG4mBlG0qUIOlc03fmzH+ru6RgYVZhPkyiy/92Owlt/8UEN+a4TXR1FQetfIpJE8ApdvdVxTg=="],

    "lodash.camelcase": ["lodash.camelcase@4.3.0", "", {}, "sha512-TwuEnCnxbc3rAvhf/LbG7tJUDzhqXyFnv3dtzLOPgCG/hODL7WFnsbwktkD7yUV0RrreP/l1PALq/YSg6VvjlA=="],

    "long": ["long@5.3.2", "", {}, "sha512-mNAgZ1GmyNhD7AuqnTG3/VQ26o760+ZYBPKjPvugO8+nLbYfX6TVpJPseBvopbdY+qpZ/lKUnmEc1LeZYS3QAA=="],

    "lru-cache": ["lru-cache@10.4.3", "", {}, "sha512-JNAzZcXrCt42VGLuYz0zfAzDfAvJWW6AfYlDBQyDV5DClI2m5sAmK+OIO7s59XfsRsWHp02jAJrRadPRGTt6SQ=="],

    "minimatch": ["minimatch@9.0.9", "", { "dependencies": { "brace-expansion": "^2.0.2" } }, "sha512-OBwBN9AL4dqmETlpS2zasx+vTeWclWzkblfZk7KTA5j3jeOONz/tRCnZomUyvNg83wL5Zv9Ss6HMJXAgL8R2Yg=="],

    "minipass": ["minipass@7.1.3", "", {}, "sha512-tEBHqDnIoM/1rXME1zgka9g6Q2lcoCkxHLuc7ODJ5BxbP5d4c2Z5cGgtXAku59200Cx7diuHTOYfSBD8n6mm8A=="],

    "ms": ["ms@2.1.3", "", {}, "sha512-6FlzubTLZG3J2a/NVCAleEhjzq5oxgHyaCU9yYXvcLsvoVaHJq/s5xXI6/XXP6tz7R9xAOtHnSO/tXtF3WRTlA=="],

    "node-domexception": ["node-domexception@1.0.0", "", {}, "sha512-/jKZoMpw0F8GRwl4/eLROPA3cfcXtLApP0QzLmUT/HuPCZWyB7IY9ZrMeKw2O/nFIqPQB3PVM9aYm0F312AXDQ=="],

    "node-fetch": ["node-fetch@3.3.2", "", { "dependencies": { "data-uri-to-buffer": "^4.0.0", "fetch-blob": "^3.1.4", "formdata-polyfill": "^4.0.10" } }, "sha512-dRB78srN/l6gqWulah9SrxeYnxeddIG30+GOqK/9OlLVyLg3HPnr6SqOWTWOXKRwC2eGYCkZ59NNuSgvSrpgOA=="],

    "object-hash": ["object-hash@3.0.0", "", {}, "sha512-RSn9F68PjH9HqtltsSnqYC1XXoWe9Bju5+213R98cNGttag9q9yAOTzdbsqvIa7aNm5WffBZFpWYr2aWrklWAw=="],

    "once": ["once@1.4.0", "", { "dependencies": { "wrappy": "1" } }, "sha512-lNaJgI+2Q5URQBkccEKHTQOPaXdUxnZZElQTZY0MFUAuaEqe1E+Nyvgdz/aIyNi6Z9MzO5dv1H8n58/GELp3+w=="],

    "package-json-from-dist": ["package-json-from-dist@1.0.1", "", {}, "sha512-UEZIS3/by4OC8vL3P2dTXRETpebLI2NiI5vIrjaD/5UtrkFX/tNbwjTSRAGC/+7CAo2pIcBaRgWmcBBHcsaCIw=="],

    "path-key": ["path-key@3.1.1", "", {}, "sha512-ojmeN0qd+y0jszEtoY48r0Peq5dwMEkIlCOu6Q5f41lfkswXuKtYrhgoTpLnyIcHm24Uhqx+5Tqm2InSwLhE6Q=="],

    "path-scurry": ["path-scurry@1.11.1", "", { "dependencies": { "lru-cache": "^10.2.0", "minipass": "^5.0.0 || ^6.0.2 || ^7.0.0" } }, "sha512-Xa4Nw17FS9ApQFJ9umLiJS4orGjm7ZzwUrwamcGQuHSzDyth9boKDaycYdDcZDuqYATXw4HFXgaqWTctW/v1HA=="],

    "proto3-json-serializer": ["proto3-json-serializer@3.0.4", "", { "dependencies": { "protobufjs": "^7.4.0" } }, "sha512-E1sbAYg3aEbXrq0n1ojJkRHQJGE1kaE/O6GLA94y8rnJBfgvOPTOd1b9hOceQK1FFZI9qMh1vBERCyO2ifubcw=="],

    "protobufjs": ["protobufjs@7.5.4", "", { "dependencies": { "@protobufjs/aspromise": "^1.1.2", "@protobufjs/base64": "^1.1.2", "@protobufjs/codegen": "^2.0.4", "@protobufjs/eventemitter": "^1.1.0", "@protobufjs/fetch": "^1.1.0", "@protobufjs/float": "^1.0.2", "@protobufjs/inquire": "^1.1.0", "@protobufjs/path": "^1.1.2", "@protobufjs/pool": "^1.1.0", "@protobufjs/utf8": "^1.1.0", "@types/node": ">=13.7.0", "long": "^5.0.0" } }, "sha512-CvexbZtbov6jW2eXAvLukXjXUW1TzFaivC46BpWc/3BpcCysb5Vffu+B3XHMm8lVEuy2Mm4XGex8hBSg1yapPg=="],

    "react": ["react@19.3.0-canary-fef12a01-20260413", "", {}, "sha512-M9RtWF/KiutUtmfGWBcOkCsZ+w2Ty9HJuIajFkBI+qDOeT8gO7B8lQyuXpDjOTtqwRvFuO11kd/3B5zsyYsOCQ=="],

    "react-dom": ["react-dom@19.3.0-canary-fef12a01-20260413", "", { "dependencies": { "scheduler": "0.28.0-canary-fef12a01-20260413" }, "peerDependencies": { "react": "19.3.0-canary-fef12a01-20260413" } }, "sha512-p54k3/9xj+yM0pBA0JBmrMSngfkFrmI2HrNJ0OKSwNxofh4XORGHpVLHQBelAUX7q/LQeoikA1z2BVknzhIGtw=="],

    "readable-stream": ["readable-stream@3.6.2", "", { "dependencies": { "inherits": "^2.0.3", "string_decoder": "^1.1.1", "util-deprecate": "^1.0.1" } }, "sha512-9u/sniCrY3D5WdsERHzHE4G2YCXqoG5FTHUiCC4SIbr6XcLZBY05ya9EKjYek9O5xOAwjGq+1JdGBAS7Q9ScoA=="],

    "require-directory": ["require-directory@2.1.1", "", {}, "sha512-fGxEI7+wsG9xrvdjsrlmL22OMTTiHRwAMroiEeMgq8gzoLC/PQr7RsRDSTLUg/bZAZtF+TVIkHc6/4RIKrui+Q=="],

    "retry-request": ["retry-request@8.0.2", "", { "dependencies": { "extend": "^3.0.2", "teeny-request": "^10.0.0" } }, "sha512-JzFPAfklk1kjR1w76f0QOIhoDkNkSqW8wYKT08n9yysTmZfB+RQ2QoXoTAeOi1HD9ZipTyTAZg3c4pM/jeqgSw=="],

    "rimraf": ["rimraf@5.0.10", "", { "dependencies": { "glob": "^10.3.7" }, "bin": { "rimraf": "dist/esm/bin.mjs" } }, "sha512-l0OE8wL34P4nJH/H2ffoaniAokM2qSmrtXHmlpvYr5AVVX8msAyW0l8NVJFDxlSK4u3Uh/f41cQheDVdnYijwQ=="],

    "safe-buffer": ["safe-buffer@5.2.1", "", {}, "sha512-rp3So07KcdmmKbGvgaNxQSJr7bGVSVk5S9Eq1F+ppbRo70+YeaDxkw5Dd8NPN+GD6bjnYm2VuPuCXmpuYvmCXQ=="],

    "scheduler": ["scheduler@0.28.0-canary-fef12a01-20260413", "", {}, "sha512-7JTRTnWnDobqAgmiIGfRvAw+qH15j0MG4oxTd9tROdab5FeiFK5lxtSbKYkEEOzt0jgdm3KxqzdKRo/Qf1izcA=="],

    "shebang-command": ["shebang-command@2.0.0", "", { "dependencies": { "shebang-regex": "^3.0.0" } }, "sha512-kHxr2zZpYtdmrN1qDjrrX/Z1rR1kG8Dx+gkpK1G4eXmvXswmcE1hTWBWYUzlraYw1/yZp6YuDY77YtvbN0dmDA=="],

    "shebang-regex": ["shebang-regex@3.0.0", "", {}, "sha512-7++dFhtcx3353uBaq8DDR4NuxBetBzC7ZQOhmTQInHEd6bSrXdiEyzCvG07Z44UYdLShWUyXt5M/yhz8ekcb1A=="],

    "signal-exit": ["signal-exit@4.1.0", "", {}, "sha512-bzyZ1e88w9O1iNJbKnOlvYTrWPDl46O1bG0D3XInv+9tkPrxrN8jUUTiFlDkkmKWgn1M6CfIA13SuGqOa9Korw=="],

    "stream-events": ["stream-events@1.0.5", "", { "dependencies": { "stubs": "^3.0.0" } }, "sha512-E1GUzBSgvct8Jsb3v2X15pjzN1tYebtbLaMg+eBOUOAxgbLoSbT2NS91ckc5lJD1KfLjId+jXJRgo0qnV5Nerg=="],

    "stream-shift": ["stream-shift@1.0.3", "", {}, "sha512-76ORR0DO1o1hlKwTbi/DM3EXWGf3ZJYO8cXX5RJwnul2DEg2oyoZyjLNoQM8WsvZiFKCRfC1O0J7iCvie3RZmQ=="],

    "string-width": ["string-width@4.2.3", "", { "dependencies": { "emoji-regex": "^8.0.0", "is-fullwidth-code-point": "^3.0.0", "strip-ansi": "^6.0.1" } }, "sha512-wKyQRQpjJ0sIp62ErSZdGsjMJWsap5oRNihHhu6G7JVO/9jIB6UyevL+tXuOqrng8j/cxKTWyWUwvSTriiZz/g=="],

    "string-width-cjs": ["string-width@4.2.3", "", { "dependencies": { "emoji-regex": "^8.0.0", "is-fullwidth-code-point": "^3.0.0", "strip-ansi": "^6.0.1" } }, "sha512-wKyQRQpjJ0sIp62ErSZdGsjMJWsap5oRNihHhu6G7JVO/9jIB6UyevL+tXuOqrng8j/cxKTWyWUwvSTriiZz/g=="],

    "string_decoder": ["string_decoder@1.3.0", "", { "dependencies": { "safe-buffer": "~5.2.0" } }, "sha512-hkRX8U1WjJFd8LsDJ2yQ/wWWxaopEsABU1XfkM8A+j0+85JAGppt16cr1Whg6KIbb4okU6Mql6BOj+uup/wKeA=="],

    "strip-ansi": ["strip-ansi@6.0.1", "", { "dependencies": { "ansi-regex": "^5.0.1" } }, "sha512-Y38VPSHcqkFrCpFnQ9vuSXmquuv5oXOKpGeT6aGrr3o3Gc9AlVa6JBfUSOCnbxGGZF+/0ooI7KrPuUSztUdU5A=="],

    "strip-ansi-cjs": ["strip-ansi@6.0.1", "", { "dependencies": { "ansi-regex": "^5.0.1" } }, "sha512-Y38VPSHcqkFrCpFnQ9vuSXmquuv5oXOKpGeT6aGrr3o3Gc9AlVa6JBfUSOCnbxGGZF+/0ooI7KrPuUSztUdU5A=="],

    "stubs": ["stubs@3.0.0", "", {}, "sha512-PdHt7hHUJKxvTCgbKX9C1V/ftOcjJQgz8BZwNfV5c4B6dcGqlpelTbJ999jBGZ2jYiPAwcX5dP6oBwVlBlUbxw=="],

    "teeny-request": ["teeny-request@10.1.0", "", { "dependencies": { "http-proxy-agent": "^5.0.0", "https-proxy-agent": "^5.0.0", "node-fetch": "^3.3.2", "stream-events": "^1.0.5" } }, "sha512-3ZnLvgWF29jikg1sAQ1g0o+lr5JX6sVgYvfUJazn7ZjJroDBUTWp44/+cFVX0bULjv4vci+rBD+oGVAkWqhUbw=="],

    "tslib": ["tslib@2.8.1", "", {}, "sha512-oJFu94HQb+KVduSUQL7wnpmqnfmLsOA/nAh6b6EH0wCEoK0/mPeXU6c3wKDV83MkOuHPRHtSXKKU99IBazS/2w=="],

    "typescript": ["typescript@5.9.3", "", { "bin": { "tsc": "bin/tsc", "tsserver": "bin/tsserver" } }, "sha512-jl1vZzPDinLr9eUt3J/t7V6FgNEw9QjvBPdysz9KfQDD41fQrC2Y4vKQdiaUpFT4bXlb1RHhLpp8wtm6M5TgSw=="],

    "undici-types": ["undici-types@7.16.0", "", {}, "sha512-Zz+aZWSj8LE6zoxD+xrjh4VfkIG8Ya6LvYkZqtUQGJPZjYl53ypCaUwWqo7eI0x66KBGeRo+mlBEkMSeSZ38Nw=="],

    "util-deprecate": ["util-deprecate@1.0.2", "", {}, "sha512-EPD5q1uXyFxJpCrLnCc1nHnq3gOa6DZBocAIiI2TaSCA7VCJ1UJDMagCzIkXNsUYfD1daK//LTEQ8xiIbrHtcw=="],

    "web-streams-polyfill": ["web-streams-polyfill@3.3.3", "", {}, "sha512-d2JWLCivmZYTSIoge9MsgFCZrt571BikcWGYkjC1khllbTeDlGqZ2D8vD8E/lJa8WGWbb7Plm8/XJYV7IJHZZw=="],

    "web-vitals": ["web-vitals@4.2.4", "", {}, "sha512-r4DIlprAGwJ7YM11VZp4R884m0Vmgr6EAKe3P+kO0PPj3Unqyvv59rczf6UiGcb9Z8QxZVcqKNwv/g0WNdWwsw=="],

    "websocket-driver": ["websocket-driver@0.7.4", "", { "dependencies": { "http-parser-js": ">=0.5.1", "safe-buffer": ">=5.1.0", "websocket-extensions": ">=0.1.1" } }, "sha512-b17KeDIQVjvb0ssuSDF2cYXSg2iztliJ4B9WdsuB6J952qCPKmnVq4DyW5motImXHDC1cBT/1UezrJVsKw5zjg=="],

    "websocket-extensions": ["websocket-extensions@0.1.4", "", {}, "sha512-OqedPIGOfsDlo31UNwYbCFMSaO9m9G/0faIHj5/dZFDMFqPTcx6UwqyOy3COEaEOg/9VsGIpdqn62W5KhoKSpg=="],

    "which": ["which@2.0.2", "", { "dependencies": { "isexe": "^2.0.0" }, "bin": { "node-which": "./bin/node-which" } }, "sha512-BLI3Tl1TW3Pvl70l3yq3Y64i+awpwXqsGBYWkkqMtnbXgrMD+yj7rhW0kuEDxzJaYXGjEW5ogapKNMEKNMjibA=="],

    "wrap-ansi": ["wrap-ansi@7.0.0", "", { "dependencies": { "ansi-styles": "^4.0.0", "string-width": "^4.1.0", "strip-ansi": "^6.0.0" } }, "sha512-YVGIj2kamLSTxw6NsZjoBxfSwsn0ycdesmc4p+Q21c5zPuZ1pl+NfxVdxPtdHvmNVOQ6XSYG4AUtyt/Fi7D16Q=="],

    "wrap-ansi-cjs": ["wrap-ansi@7.0.0", "", { "dependencies": { "ansi-styles": "^4.0.0", "string-width": "^4.1.0", "strip-ansi": "^6.0.0" } }, "sha512-YVGIj2kamLSTxw6NsZjoBxfSwsn0ycdesmc4p+Q21c5zPuZ1pl+NfxVdxPtdHvmNVOQ6XSYG4AUtyt/Fi7D16Q=="],

    "wrappy": ["wrappy@1.0.2", "", {}, "sha512-l4Sp/DRseor9wL6EvV2+TuQn63dMkPjZ/sp9XkghTEbV9KlPS1xUsZ3u7/IQO4wxtcFB4bgpQPRcR3QCvezPcQ=="],

    "y18n": ["y18n@5.0.8", "", {}, "sha512-0pfFzegeDWJHJIAmTLRP2DwHjdF5s7jo9tuztdQxAhINCdvS+3nGINqPd00AphqJR/0LhANUS6/+7SCb98YOfA=="],

    "yargs": ["yargs@17.7.2", "", { "dependencies": { "cliui": "^8.0.1", "escalade": "^3.1.1", "get-caller-file": "^2.0.5", "require-directory": "^2.1.1", "string-width": "^4.2.3", "y18n": "^5.0.5", "yargs-parser": "^21.1.1" } }, "sha512-7dSzzRQ++CKnNI/krKnYRV7JKKPUXMEh61soaHKg9mrWEhzFWhFnxPxGl+69cD1Ou63C13NUPCnmIcrvqCuM6w=="],

    "yargs-parser": ["yargs-parser@21.1.1", "", {}, "sha512-tVpsJW7DdjecAiFpbIB1e3qxIQsE6NoPc5/eTdrbbIC4h0LVsWhnoa3g+m2HclBIujHzsxZ4VJVA+GUuc2/LBw=="],

    "@firebase/firestore/@grpc/grpc-js": ["@grpc/grpc-js@1.9.15", "", { "dependencies": { "@grpc/proto-loader": "^0.7.8", "@types/node": ">=12.12.47" } }, "sha512-nqE7Hc0AzI+euzUwDAy0aY5hCp10r734gMGRdU+qOPX0XSceI2ULrcXB5U2xSc5VkWwalCj4M7GzCAygZl2KoQ=="],

    "@firebase/firestore/@grpc/proto-loader": ["@grpc/proto-loader@0.7.15", "", { "dependencies": { "lodash.camelcase": "^4.3.0", "long": "^5.0.0", "protobufjs": "^7.2.5", "yargs": "^17.7.2" }, "bin": { "proto-loader-gen-types": "build/bin/proto-loader-gen-types.js" } }, "sha512-tMXdRCfYVixjuFK+Hk0Q1s38gV9zDiDJfWL3h1rv4Qc39oILCu1TRTDt7+fGUI8K4G1Fj125Hx/ru3azECWTyQ=="],

    "@isaacs/cliui/string-width": ["string-width@5.1.2", "", { "dependencies": { "eastasianwidth": "^0.2.0", "emoji-regex": "^9.2.2", "strip-ansi": "^7.0.1" } }, "sha512-HnLOCR3vjcY8beoNLtcjZ5/nxn2afmME6lhrDrebokqMap+XbeW8n9TXpPDOqdGK5qcI3oT0GKTW6wC7EMiVqA=="],

    "@isaacs/cliui/strip-ansi": ["strip-ansi@7.2.0", "", { "dependencies": { "ansi-regex": "^6.2.2" } }, "sha512-yDPMNjp4WyfYBkHnjIRLfca1i6KMyGCtsVgoKe/z1+6vukgaENdgGBZt+ZmKPc4gavvEZ5OgHfHdrazhgNyG7w=="],

    "@isaacs/cliui/wrap-ansi": ["wrap-ansi@8.1.0", "", { "dependencies": { "ansi-styles": "^6.1.0", "string-width": "^5.0.1", "strip-ansi": "^7.0.1" } }, "sha512-si7QWI6zUMq56bESFvagtmzMdGOtoxfR+Sez11Mobfc7tm+VkUckk9bW2UeffTGVUbOksxmSw0AA2gs8g71NCQ=="],

    "http-proxy-agent/agent-base": ["agent-base@6.0.2", "", { "dependencies": { "debug": "4" } }, "sha512-RZNwNclF7+MS/8bDg70amg32dyeZGZxiDuQmZxKLAlQjr3jGyLx+4Kkk58UO7D2QdgFIQCovuSuZESne6RG6XQ=="],

    "teeny-request/https-proxy-agent": ["https-proxy-agent@5.0.1", "", { "dependencies": { "agent-base": "6", "debug": "4" } }, "sha512-dFcAjpTQFgoLMzC2VwU+C/CbS7uRL0lWmxDITmqm7C+7F0Odmj6s9l6alZc6AELXhrnggM2CeWSXHGOdX2YtwA=="],

    "@isaacs/cliui/string-width/emoji-regex": ["emoji-regex@9.2.2", "", {}, "sha512-L18DaJsXSUk2+42pv8mLs5jJT2hqFkFE4j21wOmgbUqsZ2hL72NsUU785g9RXgo3s0ZNgVl42TiHp3ZtOv/Vyg=="],

    "@isaacs/cliui/strip-ansi/ansi-regex": ["ansi-regex@6.2.2", "", {}, "sha512-Bq3SmSpyFHaWjPk8If9yc6svM8c56dB5BAtW4Qbw5jHTwwXXcTLoRMkpDJp6VL0XzlWaCHTXrkFURMYmD0sLqg=="],

    "@isaacs/cliui/wrap-ansi/ansi-styles": ["ansi-styles@6.2.3", "", {}, "sha512-4Dj6M28JB+oAH8kFkTLUo+a2jwOFkuqb3yucU0CANcRRUbxS0cP0nZYCGjcc3BNXwRIsUVmDGgzawme7zvJHvg=="],

    "teeny-request/https-proxy-agent/agent-base": ["agent-base@6.0.2", "", { "dependencies": { "debug": "4" } }, "sha512-RZNwNclF7+MS/8bDg70amg32dyeZGZxiDuQmZxKLAlQjr3jGyLx+4Kkk58UO7D2QdgFIQCovuSuZESne6RG6XQ=="],
  }
}
